
Microsoft Visual Studio Solution File, Format Version 12.00
# Visual Studio Version 16
VisualStudioVersion = 16.0.29123.88
MinimumVisualStudioVersion = 10.0.40219.1
Project("{FAE04EC0-301F-11D3-BF4B-00C04F79EFBC}") = "SunucuMvcPinterest", "SunucuMvcPinterest\SunucuMvcPinterest.csproj", "{E2502B6D-B1C8-4F11-909A-55FBE83134E8}"
EndProject
Global
	GlobalSection(SolutionConfigurationPlatforms) = preSolution
		Debug|Any CPU = Debug|Any CPU
		Release|Any CPU = Release|Any CPU
	EndGlobalSection
	GlobalSection(ProjectConfigurationPlatforms) = postSolution
		{E2502B6D-B1C8-4F11-909A-55FBE83134E8}.Debug|Any CPU.ActiveCfg = Debug|Any CPU
		{E2502B6D-B1C8-4F11-909A-55FBE83134E8}.Debug|Any CPU.Build.0 = Debug|Any CPU
		{E2502B6D-B1C8-4F11-909A-55FBE83134E8}.Release|Any CPU.ActiveCfg = Release|Any CPU
		{E2502B6D-B1C8-4F11-909A-55FBE83134E8}.Release|Any CPU.Build.0 = Release|Any CPU
	EndGlobalSection
	GlobalSection(SolutionProperties) = preSolution
		HideSolutionNode = FALSE
	EndGlobalSection
	GlobalSection(ExtensibilityGlobals) = postSolution
		SolutionGuid = {2E262488-12B1-4927-955A-A00D71701A1E}
	EndGlobalSection
EndGlobal
